
Microsoft Visual Studio Solution File, Format Version 12.00
# Visual Studio Version 17
VisualStudioVersion = 17.12.35527.113
MinimumVisualStudioVersion = 10.0.40219.1
Project("{FAE04EC0-301F-11D3-BF4B-00C04F79EFBC}") = "UI", "Hirebot-TFI\UI.csproj", "{B3283F3A-F8A2-48EF-B121-B18AD76572B0}"
EndProject
Project("{FAE04EC0-301F-11D3-BF4B-00C04F79EFBC}") = "ABSTRACTIONS", "ABSTRACTIONS\ABSTRACTIONS.csproj", "{4097C957-50CA-471D-B175-69BFB48C2C34}"
EndProject
Project("{FAE04EC0-301F-11D3-BF4B-00C04F79EFBC}") = "SECURITY", "security\SECURITY.csproj", "{4F21D190-D656-4672-8957-3BB8AB68F9A7}"
EndProject
Project("{FAE04EC0-301F-11D3-BF4B-00C04F79EFBC}") = "BLL", "BLL\BLL.csproj", "{904D7CB0-66BF-4FE3-A73E-0CD8D1C107C7}"
EndProject
Project("{FAE04EC0-301F-11D3-BF4B-00C04F79EFBC}") = "DAL", "DAL\DAL.csproj", "{A6B81946-3512-495C-900F-7915ED7D7F3F}"
EndProject
Project("{FAE04EC0-301F-11D3-BF4B-00C04F79EFBC}") = "SERVICES", "SERVICES\SERVICES.csproj", "{C5083EEE-E985-40F1-B0C6-91B4B2BCEE7E}"
EndProject
Global
	GlobalSection(SolutionConfigurationPlatforms) = preSolution
		Debug|Any CPU = Debug|Any CPU
		Release|Any CPU = Release|Any CPU
	EndGlobalSection
	GlobalSection(ProjectConfigurationPlatforms) = postSolution
		{B3283F3A-F8A2-48EF-B121-B18AD76572B0}.Debug|Any CPU.ActiveCfg = Debug|Any CPU
		{B3283F3A-F8A2-48EF-B121-B18AD76572B0}.Debug|Any CPU.Build.0 = Debug|Any CPU
		{B3283F3A-F8A2-48EF-B121-B18AD76572B0}.Release|Any CPU.ActiveCfg = Release|Any CPU
		{B3283F3A-F8A2-48EF-B121-B18AD76572B0}.Release|Any CPU.Build.0 = Release|Any CPU
		{4097C957-50CA-471D-B175-69BFB48C2C34}.Debug|Any CPU.ActiveCfg = Debug|Any CPU
		{4097C957-50CA-471D-B175-69BFB48C2C34}.Debug|Any CPU.Build.0 = Debug|Any CPU
		{4097C957-50CA-471D-B175-69BFB48C2C34}.Release|Any CPU.ActiveCfg = Release|Any CPU
		{4097C957-50CA-471D-B175-69BFB48C2C34}.Release|Any CPU.Build.0 = Release|Any CPU
		{4F21D190-D656-4672-8957-3BB8AB68F9A7}.Debug|Any CPU.ActiveCfg = Debug|Any CPU
		{4F21D190-D656-4672-8957-3BB8AB68F9A7}.Debug|Any CPU.Build.0 = Debug|Any CPU
		{4F21D190-D656-4672-8957-3BB8AB68F9A7}.Release|Any CPU.ActiveCfg = Release|Any CPU
		{4F21D190-D656-4672-8957-3BB8AB68F9A7}.Release|Any CPU.Build.0 = Release|Any CPU
		{904D7CB0-66BF-4FE3-A73E-0CD8D1C107C7}.Debug|Any CPU.ActiveCfg = Debug|Any CPU
		{904D7CB0-66BF-4FE3-A73E-0CD8D1C107C7}.Debug|Any CPU.Build.0 = Debug|Any CPU
		{904D7CB0-66BF-4FE3-A73E-0CD8D1C107C7}.Release|Any CPU.ActiveCfg = Release|Any CPU
		{904D7CB0-66BF-4FE3-A73E-0CD8D1C107C7}.Release|Any CPU.Build.0 = Release|Any CPU
		{A6B81946-3512-495C-900F-7915ED7D7F3F}.Debug|Any CPU.ActiveCfg = Debug|Any CPU
		{A6B81946-3512-495C-900F-7915ED7D7F3F}.Debug|Any CPU.Build.0 = Debug|Any CPU
		{A6B81946-3512-495C-900F-7915ED7D7F3F}.Release|Any CPU.ActiveCfg = Release|Any CPU
		{A6B81946-3512-495C-900F-7915ED7D7F3F}.Release|Any CPU.Build.0 = Release|Any CPU
		{C5083EEE-E985-40F1-B0C6-91B4B2BCEE7E}.Debug|Any CPU.ActiveCfg = Debug|Any CPU
		{C5083EEE-E985-40F1-B0C6-91B4B2BCEE7E}.Debug|Any CPU.Build.0 = Debug|Any CPU
		{C5083EEE-E985-40F1-B0C6-91B4B2BCEE7E}.Release|Any CPU.ActiveCfg = Release|Any CPU
		{C5083EEE-E985-40F1-B0C6-91B4B2BCEE7E}.Release|Any CPU.Build.0 = Release|Any CPU
	EndGlobalSection
	GlobalSection(ProjectDependencies) = postSolution
		{B3283F3A-F8A2-48EF-B121-B18AD76572B0}.0 = {4F21D190-D656-4672-8957-3BB8AB68F9A7}
		{B3283F3A-F8A2-48EF-B121-B18AD76572B0}.1 = {904D7CB0-66BF-4FE3-A73E-0CD8D1C107C7}
		{B3283F3A-F8A2-48EF-B121-B18AD76572B0}.2 = {A6B81946-3512-495C-900F-7915ED7D7F3F}
		{B3283F3A-F8A2-48EF-B121-B18AD76572B0}.3 = {4097C957-50CA-471D-B175-69BFB48C2C34}
		{B3283F3A-F8A2-48EF-B121-B18AD76572B0}.4 = {C5083EEE-E985-40F1-B0C6-91B4B2BCEE7E}
		{4F21D190-D656-4672-8957-3BB8AB68F9A7}.0 = {904D7CB0-66BF-4FE3-A73E-0CD8D1C107C7}
		{4F21D190-D656-4672-8957-3BB8AB68F9A7}.1 = {4097C957-50CA-471D-B175-69BFB48C2C34}
		{4F21D190-D656-4672-8957-3BB8AB68F9A7}.2 = {C5083EEE-E985-40F1-B0C6-91B4B2BCEE7E}
		{904D7CB0-66BF-4FE3-A73E-0CD8D1C107C7}.0 = {A6B81946-3512-495C-900F-7915ED7D7F3F}
		{904D7CB0-66BF-4FE3-A73E-0CD8D1C107C7}.1 = {4097C957-50CA-471D-B175-69BFB48C2C34}
		{904D7CB0-66BF-4FE3-A73E-0CD8D1C107C7}.2 = {C5083EEE-E985-40F1-B0C6-91B4B2BCEE7E}
		{A6B81946-3512-495C-900F-7915ED7D7F3F}.0 = {4097C957-50CA-471D-B175-69BFB48C2C34}
		{C5083EEE-E985-40F1-B0C6-91B4B2BCEE7E}.0 = {A6B81946-3512-495C-900F-7915ED7D7F3F}
		{C5083EEE-E985-40F1-B0C6-91B4B2BCEE7E}.1 = {4097C957-50CA-471D-B175-69BFB48C2C34}
	EndGlobalSection
	GlobalSection(SolutionProperties) = preSolution
		HideSolutionNode = FALSE
	EndGlobalSection
EndGlobal
